name: Finalize regular health lock contract

on:
  push:
    branches:
      - refactor/single-lock-ownership

permissions:
  contents: write

jobs:
  finalize:
    if: github.actor != 'github-actions[bot]'
    runs-on: ubuntu-latest
    timeout-minutes: 60
    steps:
      - name: Check out current review branch head
        uses: actions/checkout@v5
        with:
          ref: refactor/single-lock-ownership
          fetch-depth: 0

      - name: Detect execution mode
        id: mode
        shell: bash
        run: |
          set -euo pipefail
          if grep -Fq '_health_readonly_lock_target()' utilities/maintenance-health.sh; then
            echo 'mode=transform' >> "$GITHUB_OUTPUT"
          else
            echo 'mode=validate' >> "$GITHUB_OUTPUT"
          fi

      - name: Install validation dependencies
        shell: bash
        run: |
          set -euo pipefail
          sudo apt-get update
          sudo apt-get install -y age apache2-utils 7zip python3-argon2 python3-bcrypt python3-yaml
          curl -fsSL https://github.com/mikefarah/yq/releases/download/v4.53.3/yq_linux_amd64 -o /tmp/yq
          echo 'fa52a4e758c63d38299163fbdd1edfb4c4963247918bf9c1c5d31d84789eded4  /tmp/yq' | sha256sum --check --status
          sudo install -m 755 /tmp/yq /usr/local/bin/yq
          curl -fsSL https://github.com/getsops/sops/releases/download/v3.13.2/sops-v3.13.2.linux-amd64 -o /tmp/sops
          echo '154dfe4cd70554bdd82b98e4cd4acf191d43d01ead6f00a73477aa44c4ac42ef  /tmp/sops' | sha256sum --check --status
          sudo install -m 755 /tmp/sops /usr/local/bin/sops

      - name: Apply regular-file health lock contract
        if: steps.mode.outputs.mode == 'transform'
        env:
          BLOCK_B64: 'H4sIAAqvbmoC/81aeXPbxhX/n59ihVC2mBYmJdtVS5nOqBYdayLbqiInnnFUzApYkBiBAItDskZhPnvfnlgACxCw0zSa0QyO3bfv/L2DCGMXh+jN/Pjs8o1z9v7VD87rk5llDUL9+fvz+bv5Sdvri+PL0/fvnO8/HF+cOMev/vXh9GJ+MvNxmJLBwFkSHGZLJyHYi6Pw3oHdN84aZ8u9EXoYIPgLfPTpE7IjZA0ffvrZKfFzejaf2hsLXV0doWxJIraB/q2TIMp89Hg3/SV6DDsNGy22mIRAf28PzT+cnqDZDE3QaNRK6/E4yaMxZXN8i/Mwu8OJRyKby/GEPn9cEFaMfzz53rn48O7y9O3cOTm9YEw/eoRsr+3lXdPLreJWd22aeJVKAFs00rp8e84OHmertYmQPXyg2ttoBP1gsCmMm2Y4c1axR5w88JwF/EdhEN0oC3OPyXCyINnMGu5zGnQXss9c4ARPd/Pp7mK6u3yMbBt44mstdPBy7JHbcZSHIfpFSfDrr2IzleJsLTeHzZt1bqnzOQGIlwXZfXcevelu0J+79l06WywwfK8cG5wr32McofguIomzDujtgaUHD0HWeJ3E7nj4oBZtxr4H977X5lB8125K10qHUBQsuPG9Fhdigmg75eKyezCFrxOSgsqVZIJrKhYozD7jl1dXNZV4QULcLE7unSB1siRPM+JV9ANLuIJWJMMezjCizojAGRE4I7txbnGYE3UyDUvYxcJwh5/Obq+uKDcJyfIkQvtsuaQJJ+xtcXhBZWTViJy+/nE2RRQEkZ2UuXPQixcvYKc8x5JMwiNYZ6HZb+jfnyb24dXD078+2wwpy9Ywp9YRb/5x9RfxdFF9apJHaWM23Nv7+zfslNFooLmTJD+DKxr5Bv8BRN0rKKFHaDI5OBhJgFXL+MnSJwrJJP2Jzje9NTDM8bt62qQ4rcKa2DyRp5rZ3QcSI7Qj+K06HY5ckmZtPufmSQL+zP1ujel1IZ54yWQaf1sViq27WwYhQdMj5MWK861+r5OuqonFJRY87cHuCK+ItmFkqWWMR75WWFlRBVbBItfgqTdqeSGq2MPeQDondfwCoSi/kBwXwXVIKkpTyZ+rjXxeg4jEc2jwpPDs4WBq728sbYc5otl6Fcw+CKAo6yGtPfzqwC5o9QtvxupXhHgRg0WGMcc6e8qOE9vK6jWCq7SX2cc7mqtiJKo65DBoK+zU6iVlU9UZ/2MtV+V/q/Fm6G+TiUm7vNL4Wu1KNJBb2U05xnUR6+o2gJncw5JeybHa3GOLnUo5PyEULCpQZtKASt5x6Dn5Cqc3hYILHnUgfVD8hvHCIUkSJ8h6w85FbhwnXhDhLIgjpM5FK+AfXROEI4Sv0zjMM4KoFFNUnFFNINxBNnqZdVbiqZYU+7ETxZwllN6vqAK38yKSGWdmh1cxLewohVJnYRdaDmD3aHJ4qJ4A2R20ugFayF7zkrUgrhWtlVMKYlA5yhOt0mtNL69wROUW7oGWbWoyKqSmFE0xLawUqtvpFRxfamFJFgUpyqMU+6STebUIcgGUMlLEYTt6SNIoI6t1JZQ6Ykaju5RdhR5AV6xu2FGAU5L+ZvzE0DxyOZ58VH8Chh8GHbyn7jmcHEQNPT1OMKjY5ERBRKE8iLoGuIGHwmHcJSA9mlCU550cHN0WEsmKFiXmpVR08DPSImJCPSdwsy4ignzsiEaPklKEEbIvdZ5KWP7lsjxsifSErOJbskUU6pI1SYyRvmks8we9NA8aMbWnJa106Csa/dMkJaUs/ZEdMCiJ2JQ9uwd/JXFy035R5qT7tybNQoaGoOpZrJhrhlIaqrVRJUDvaskmiC0rrloqasG006ee3e+XQ8qqR2kQLUJis1o2IYs8xAlivNIpjYeu7xEdbIoJXQfLlJNMvCYRl2GFM3dJIAeyKVW7v/l8AIXEtEpMzdRMjT5X1/rM6p/HP745h1aGM+JJinumERifJpWmUSO1UVLXN5fGemx3Y9Ff4beNSmvzwEJNY0f0XRXy1cbLDeNUOp1nnvTp1FsGOhyKHhC5ha0W+UxcxOZ9Lx/Z4PKbpkljYfQedcU6CW5psNBrHAY4BV4rdUbjLwYdsaBPFaKxoxUjfNzeXo9Q6X//akTwI3GfssBO0krCrypG6GOmdtoYasJvxnwozxZ8g+xztARpbd64Auxo54M3Ui6ylIQ+SkDnBKrFJYC7RxLiw3/kAtYgLEiJruSIlg0J+U8OdARFKE8kWGUxRalsCVUu+YyhZKG2pLZ9UkAlrTzOL7WGQraPTJ722oM1I3SjJnLfcsrFa9Bwc0pGd0G2jPMM+XEYxndUB5CIQuySFags7Yap3TODlLr8i0GvjFLZy4CiEcHqWpY6G+mtP/3bmaFOUNhArNaAatVYMxe/l7Ubc6kLPr6AVMknruD/ojm4AwwTvuH1NXK1IzCI18W8RcPZyyuM45iDP6Xy1WjQjfPQkzMP2eGADLQ1Du/76h9yHs12NNm9eCkFrKS8/6c+BPSwDCB9rLWJ6yX9VlF2uvDfVBTr5YmoQOra+eN16YYEclVjnqXzX/KlWN1UBlczFtVFW4BWBr7tfUAfhffHuWtCExkVrBe6NdRw7JddWkImBMwA7KrvOTTxK5WkWurOJrUPPcpfnZg/evCZWHYO68vLa66jHTX8bquCq8SMBESDX/86RlOdNSz2cfVglxVKXdSjLEILaSYqUClK5WpvVP+AZmSZWuDq5KDDRONp44S03Cn0JcWaGaNDWe39gmREOADUj3N0+FyERjOCSSUKdyt9saDelc3rgvEoXfHWAjxWWyYjdHSk7g6fj0q1Up/olREMjQg4zTGgGa29f6K9yc+sN1GpYUlAYCimcUjtfY+SPIogjo9QehOs1zSiWa3t5eswcCkOwoInxpHZ4fPSU02Sb79ekBYo4jbzMfiLxyprhsx5SjtToeWGMUXNjSq8kxS7fxbs1qCp4pM1nf2vYB77GTgRA5w0oK9bUf5pG6gpdFfwlUdGROf41Ipy2nhChJr8puT16Ufn7fuTucX6DCq3qWUwTXWBAlg5YUqQh2u2tO1AFlc2hT8oNvSXIb4moVIoX2CVVkRxZAcRqBM62OCWsGCr8LXtc0dlxhLqlPMRd9u2DGr4aW2LS7CqKF9TseKEui1msUf7Xe4gizC+BtMtcgAa3VtEiGrgof2Ixj+5SVw6zwLgrX1iY8YZjUCda2EYZUfBkQCKa+LHwDLDv1T0CmVoE8c9qxdxhWukJHPWSwbp0sxKaQxZGR7hPIuFn1SzWEFKWAk9q8Votw9fVfS3mbtD/DeoreimEuKCO7C2loneorJS/WaO8DgJFuBaIc2UUKXtT+0JVGbCyVhqlSAgo3qLOvhItCHYS3EtNW4NNSYsg+NN1V0p1urxxhJ8wTpUa67R27tbtKiR+oTxdBswGJkszoJQ1FQiv1kzA2dZe5VP4Ipz5KdzGlo/G5TwV5sXk89B5oi9Lf4y/A6OEtccv7MEr5GN5h9PL9GbD+fo9N0lupxfvB2UI0O4YoV3yppf0O6lDMpxiyrEa1+9079lDhb0qVlc8ZLZSUzpe8uoaJTTv+CpeAtM/Rc8ZwCYoS8AAA==',
          TEST_B64: 'H4sIAAqvbmoC/7VceXfbNhL/n58CZrWxlYaRnKN5dSJvVVtp/erEXlnZdl8PPZqEbK4pUuVhx3X93XdmcBDgISttNq9tRBAYADO/OQE2uOTB1fyS+3FxOc/KZB6n8BykSZH5QZHv9NmOk/OCebxM2Spa8YUfxY4zPTmZjdzev3+czyZns/l0cnoyxzbX+X4yPp59D+/wcVAWURwVEc8HSz9KCp74ScA9Md3T/NJ1Zu9Ooe/O8qrgyxXzQuYV7PpG9vBgQR4u6OlP+k/fdRw/n2dpWsDi7hwGf6IF29lhkw9Hh2w0YkPW779mxSVP6CX+cXvfuPTA45zr1rwMU+YlzPOqDovIuXecIOZ+Uq70BD//jP3c3l0eXSR+PF9F4Z5377Jff2WPHrGrKI6Z98PR8TF0qXq47Nn+IOTXg6SE93/+yYqs5Da5ZVn4RZqto2d06SaYLZmXLcRGgKMu7AHkt2JyH2zy09HMcVB0O/07tspAFAu2/XZ8dLzH/pH/kmzDuMcu23/07DXjH6OC7b5m987Kz3Oz/+n47Mzsj33i9GLOsyzNzI7UsGcS3hcLG0B3PezGzxJzFD4/OChKFikO2sOGGz8q5gtgziKKuRYWAMaP2covLgFZuy7zC8RWIcSbZggV2cQALK/1wxv2fFg9fvklwShMNVxQahyWhJSVqDJelFnChhWmYs5XbPh0+IyawjQREkLeM7eIljxkaVkwXHqUXNCCBEUHNwi6t+SFH/qFr/ejtDMHIMyXacjnZRTOL+DfJI6SK4abRNB+Pz4jHRwRLAyd2GroBLzcYkG6XPoJaNy10AQDW8/2H+0iwLa0jiDNeo+akun5F77SMtAm+Mc5Pjn4Yf4t/nckJCrVG/frnZOCn/toDfybK7ZNIwe/CTEKczInCm8PR67bG7C7IF3djnbvqSP+RkmoAePjyXQm+h8eTUfQGwFt9L0jvN07iDJBHaAGv6tFug6KOrfbUODAESHHIC3jkCVpAdpChpKJHTFlsBjtCkzV26Of5u9ODieSKV+w/JLHcYBWl4VR7p/HfHR2sDv8eujkaZkFvLYSh39cxVEAOA+jTHJPNbnO8gpambdkw1fDIYw0O7sOWGeLfUfHk5HdZxCUeZEulUEWa4bNg0XWPoH7AOL4VjgGRGrfRStLxr9Onrj0C/Fa86qlG0uvwUREIQc1yImNq4znPLvmoeuUCfqbllHOekx/DC8MHsETeg9UOGnY/Tg+92ELVR/VJDrUeSnpufDTHCs6/3T43Xz64f3s6N2EYFZ1p9dAXbQ2R27KXUlvcO2XcQGmMeSJJaaK0xa3kzTx0DfiCplkACNEInEWXPrJBXIZBwlO17bySYs0t9eyUq93h8K632zFwDQtpfVLFux1tDNXHuTsh6PTPdzQAGnRaMBVGkMUkibw8/cygmfmMz0ncCjh2VPwOWSoAGC0dWXKaJtk+n791YAaDp2HEArBhjF6kfEI48k1s2ydaT/c3rfjM7A1XiBNHFEqE23n1R9hx2qGw+5g+FxyhPW3yrW2vrRcqPmyU/PqGFECMAe3Wi+zQzeadLd7ky/0e7tvaI3JdpLMALoNkEyXlnRAjoQlLXYDaKxImT1VF9CITCfK6C14d4yibtIsjHmekztVaMMXzDWXYZBRBjHXtvIJUXyCsnjC0G8jxnWgDp6C+FlZN3zMmy5C9XIdzf9R1TqwPEG7A9HjXGfuB7TbSqhSyLQdze8ogWAHMJ3xizL2Mw/DNcV/opBHtGnsjZqO7nfBzJnQw28x79hubDobSTRIgeFR4hPVws8uANeR8DS+WgUZgfx2STEUrsh1jt6ejUCssBcIpxmGWiy9AfvA5hdZCmE0ds3Zmzdv0DpawZq1rr70oUiAcPoVcB424PaImrSdaBld0Ux0qXm3e0/EUj0fOk7IH2CG+73eHdHFH0Tp/gmEJSseFABmmHpPWuE9CBMXUZYXc0ATOIbidmQYeVy5ftGyHUpY7GjMjonaWB9GIkqCMBnSPxYVOQt5HmTRClIagE/GIUHJN4VP2wySgobOhojMOWhO+CmA3JBV0i9abN4UqBlfxX6AFuiSYxqWU4ZAC48SxNKmDJO724RflhGyepY5Gp+Eo1UqsigoomuudYcYdhMVl5jLiHXjWlHAcqlOkmZLP47+oBDXsDBmu7QzexSAmy9cJ7gEcLPhVy9eNF6ZTxth2Rre77Jr9iQbAkmLKSizDCb0gG2ZkFmVJJxzpogjz/+Wmanv5a9bGoFIat6Uc4JeK//bQK6Z02bCBgQUzRgBOpUPRIlHurAx5Cv+MtujtsFdr0vB2bat4CkU5oGcQnlJ2TaOQvVUKL+EmAPbaTmWI5UvLIhbvSuMk2OuvYtlXcpuZi0zeLBvP+9CdY0sRnhf8vXodrJg1PunLPsJgGUBBK78d/Yc8eL90e4KatJfQuwUeeRebZFgyQQYC0QxPgIBXcGTb3kGLGjJelbXfpss67ZlGf8vuMOc0ZJW8S2pGA8tc4YhlF8UkHzwzAijVJNHMZPugCPqPUQQUQ+4TJoKBxaZGg5q7xysEAHsQoAck+GK8FfqAaeDf2GDaXYLW1mkwMrrKOC6eiUiIBOdEOr7C+71kLCIsANUE1c0wFRVQcuYss8QlbmQi71OaBCzuOz168ZgmLJ9rEywW4bqHfUbmXlLb9w1dqTdt9MjlvQVL6pKluzDcz+gH+1qJClSD6lDlNSs1SPKZEiX1DCPG+nM5jpl6RXJSKmUDG43UioqRmIoh3PtLJBKXRTeElr5CgjvMo+yHebBBot+m4ILrYJplJiL1KuAqFcWcIgcoFPhF3wTJZXUckpyOGQ/QAvMMQ9F2i5VVgnEgfSHN6wvNkrLK9GzksXkJTSeRwkonV+wfbtxECcu+N3tycnb+fH7beeLrUGZZwN8g6k91ihbDkNUUlgvXR+/n8+m44MJMJ6ju6FdwiLvvtlj3u69q6sNxmvpYXHYXJQNROLDVeO78fSHydS16xF6lYaKjWez8QF0xXzdrU1Cg4QlMoliUso/8sCiRycjgiHKTr16+bLJN+VZTsd0+mO83ethm8sUP1R+mniYuoLp0LuFN1qarkSbsUA5ELt4Sz+7wgDH3OaojuZf1ii0MdEDzhA7tnhE0Wyq8DGzyGITZy1r1oHXho7UEJ1SDhbAWoXWAGUdNlUaCdY9vnWdC4jNmTf5HTGxvfPbn6zvzXbYn73+NqtLYU3WqSdT+RwEufC3J3TQ0PmcL32IBoPc/Zx2xt6rzJH8RMRgEFwnHGswGJVpV0x1kTSGmK9yJFZUUclJWqTWGoWeOUE7xBZAMb3BAmJGa2ize2CRhHOFWBoTAgla6XBFmxUkvHoFy7GGdIVyVie7UvM5wjppZrpn+QTIttl3PwhA4uSVbrKowOzBzprwbDgnT9XtJK4h+IMgHVJTlHeQLlcxL0SF28ChoETCEEbWAwgOVlkaDHq9wSKs2U+ZeC9hJU1PUr2TvK6MZ32cjKTMaK69C4gnpvM8zFrNczho6qt4rOme8LV2UGez8WxTFxX7eTEHZUXvs/WF4XrUC1FOJQY9Bv4MHtsMEts9+3F8Oh9P300OsSTaSkKWf4XBVwbQGGfgjFoPT95P6s4M97K8FmpqUIOl66f7p+kK1D40hVF1rcgYoqiRq2+LFqIdIPhFgDix2K08ID6aEm76QRLQOqfTigYjntTTUmcJEpfpdbfRMGLEitPS7OQ3/srzsyWwiul9mu8wJjQpdLvvzxfqKqdoLODTImA7ndTs0G4wBJNguUGq3XfbFJ5Fi0iaFAEsI25m/oUfJXkh0/6Cg+OyM8fOAwKDiLlMjGarcwLSOn0CJSMk1zkBQR7868PRdDKfHoyGDqwro+UqOTQup6wrzl7E6Tk4t4sSMmZik7zlADs555Bh8rZioWtcpwAF1xco4Dcmo6gX9QsS4OfREmyNQN/yFQ+Ar4GnTmJa5YeLQdGgX8CQn+mNagKsUhV9n4L49OWoty1PGsUuPLFPZKYws3Q7w+1ZzMTLEhU3Aarz1SUkv3gkpqlSC5B5rW944GFZNUrWlYwxbrVu+XKvt+v2thtEQMwfG14G2qR30ed+dIuj3YwoCmaVUl7dajAZgOdDqKEvJnSWt0Wugka8i6mKKd3+Xk5mzpEDznkiY1Q5iZhQbuzkdDIdz45O3s+/+zCeHipBHVZnr2gckk8JO+QyaqcP56k8qcODytysLCreDTu5Vysj1hj2uEX4Q/fxp8dLjYWLaesrt0yZyXO0J1iDp4PEa1474BAXU4S6ozEzjYIsNNFvHkJigxr+6iX76oVWcW2a8ME2T26vGije03MD5tTqGZ2NkKod6hWdNbUXKb9uJ6SOw0Yv6HFnx9woCBA22u+juHTHVy+b3ovuztDrbodVeSsqrG+CcTrg7/B0UkQgzzIumME4kGPgLzltV5R8BMp52G7JyXAK3EiamCJh6R51tPBvc2TCzSXiJEoWGQR1WRmA1RKgx79FL6zBvHrZ9E/1m054bB37qwYEZPvaE2Zz7FobJ5IUOkrxMCRZd4YHbvacy5ildlcQj0/EXUGRosPvZwJuelPyjIUaG3fSzFYQ9fvJYffLVhwYlzxa/PydDFRl/cB2J/YYy5t1dzPcV71TU6vuVXa5Y7JQwlaWN2RIKF2FB0xFnvcdHSsKtbQpkHFXBNCItQzH5rbqS0VX6CaAlxROj9DNbXVLDZc0Dnllb/nHIC5DQDpolkcXO8ISL8tBvjmo/KgobmwZxZ323Ru5TucWW1cn7LkO0OqmuhGxaT3G674ZnYKvc21dSlN3crVQRJv/z6Oz3RGDmv9B1EEY5HUiD2OkTdEnCLUiUJDpQGFtDhuJ1si1aCQOPAhFLa+BvrxgIHIzibcGM8Ir5ORNVNwgeUQT55Ae0dFqLqvxdHLtVysI0uW5djQOpa3NKgowVfBWWn7qlq5yynDVURp102Yq9+SZge4rybZ0VcV+eVsel3ir8ljRRlC5NbsQGxqdqBUrdPIsqda/IiAkVhsvGuV1ZlXDsUfoCs67D5Don0w3LeLoG3b0ZUUcnQ+M7eN0DdcBSRjACYtkHI+7PbkOaI79cw7AOFCvmHwFOPXQw2Oei/fK8M5HfhWt5LnldDI+/I+46euo+wtz9obeHE/GZxN49/bEbSZKbOgYO7YPEmrcUd+WiPuXYGy00zyjyoi6cGsDqN5THSeYyNFHCnoXI1O8iA5m7mPUFL6koO5yNkW7b8HhaVoW+NWG3cgz6PjIMb7sGPW27I8ZWH1hUq/IgpkaoD6UEdaLXtfAV43TwKMq0+n05NvJZ8OeeZG1doFVf6XSfm+19b5q6z3Vziumfy0pUCcU9RD+0wN3MLT01czXr2S2Ab8pbYDYCW+y2jy30W+IR3k8SwE67xN3VRil9TVOvz67AlXwN8G1b8BSANFCv9GOCmDguT2+q16uD+ViFRwp62YERMaxuEmQYT0PzVe6YJjL1FKXhzjrNBOAzuB/s8D/4TKOVbCsjvvIKoEzXoC5ZiYzKiY8FBukeaGjnopzHTGhqm/KdiwG7bf5SDRm9Y/XbKEpacm4R01gGkVXxSY+a5MzfWKT1wLJ6k4iZsPqTqJRcGx+kyOio0bIIpq9qoarjtrKc/qGpzFAvWgOaQeUMe8mAXNFFaw9HsCCvpQrI4ojarImvwDu1Q2bsyOs07VPV/N4wHp39VH3+4+8v5zktm/T4pf78K0Z4xqrHNmd1UvgW3X2MufGNwN1405nVPVdd50z6AVUBTlkvL5cbczbpCl2uuGFXT1RXch1BexvFOk/SMaqIBrbkMerxGF52E3nrOKYlul1iuuljiO/dm2oAjVL9J8dffceT7UOpkenM3X2RB3ao2Wrf3XcSa2bxitrwpGq1PJ345HWUs3/szbTGQC1Rz30CfC2QhxGJXP5QfC2+CK42UnKU303vPvs6232/YfTDXo+H26zo/eb0HzxfJvNJtN35i0kI6/AVlGH3MPSs/yidve1OPupAioBCDuYsqHjfGLsZIC5NVUwgCuzhSoQqoH2kVN9B94W3DdIOeKjb+SL/RG5CgqlR7XeiN9W9GRM68pzCt1NxFHAf+swjqZUwqkCJj3KDJZgrOt8wQ4g6i/xS+bzWxbeJv4ywnrJrcRnKA4awE4ApvOnXd+8Phs+f9H8PPbzkX5Yxn897CppJul9TAZuEmyJJTRMsriq9fZ35m6kkq7x+bKmD+1alEQlytkyynOIgzafQGpy6wTQ/vcnUAagdQYLjo0pug/x6dK+DIfhEe3bE+TTE9yL/GAOSWNJK0c/6gTr/9cXzv8AJcA2hBtDAAA=',
        shell: bash
        run: |
          set -euo pipefail
          python3 - <<'PY'
          from pathlib import Path
          import base64
          import gzip
          import os

          block = gzip.decompress(base64.b64decode(os.environ['BLOCK_B64'])).decode()
          test_function = gzip.decompress(base64.b64decode(os.environ['TEST_B64'])).decode()

          health_path = Path('utilities/maintenance-health.sh')
          health = health_path.read_text()
          start = health.index('local HEALTH_LOCK_FD=""')
          end = health.index('local ALERT_LOCK_DIR=', start)
          health = health[:start] + block.rstrip() + '\n\n' + health[end:]
          health_path.write_text(health)

          tests_path = Path('tests/suites/operations/case-health-alerts.bash')
          tests = tests_path.read_text()
          start = tests.index('check_health_run_lock_contracts() (')
          call = tests.rindex('\ncheck_health_run_lock_contracts')
          call_end = call + len('\ncheck_health_run_lock_contracts')
          tests = tests[:start] + test_function.rstrip() + tests[call_end:]
          tests_path.write_text(tests)

          service_path = Path('systemd/vaultwarden-health.service')
          service = service_path.read_text()
          old = '''# RuntimeDirectory instructs systemd to pre-create /run/vaultwarden-oci/ as a
# root-owned runtime directory before ExecStart runs. The operation library uses
# that directory for owner/holder state. Health duplicate-run coordination locks
# the dedicated root-owned /run/lock/vaultwarden-health directory inode, so the
# installed root service and supported diagnostics share one host-global object.
'''
          new = '''# RuntimeDirectory instructs systemd to pre-create /run/vaultwarden-oci/ as a
# root-owned runtime directory before ExecStart runs. The operation library uses
# that directory for owner/holder state. Root health uses the regular lock file
# /run/lock/vaultwarden-health.lock; documented non-root diagnostics preserve
# their XDG_RUNTIME_DIR or per-EUID TMP fallback paths.
'''
          if old not in service:
              raise SystemExit('health service comment marker not found')
          service_path.write_text(service.replace(old, new, 1))
          PY

          grep -Fq '_health_readonly_lock_path()' utilities/maintenance-health.sh
          ! grep -Fq '_health_readonly_lock_target()' utilities/maintenance-health.sh
          ! grep -Fq 'VW_HEALTH_LOCK_TARGET' utilities/maintenance-health.sh
          grep -Fq 'VW_HEALTH_LOCK_FILE' utilities/maintenance-health.sh
          grep -Fq 'ln -T --' utilities/maintenance-health.sh
          grep -Fq 'ln -P -T --' utilities/maintenance-health.sh
          git diff --check
          bash -n utilities/maintenance-health.sh
          bash -n tests/suites/operations/case-health-alerts.bash
          shellcheck -x --severity=warning utilities/maintenance-health.sh tests/suites/operations/case-health-alerts.bash

      - name: Run focused operations validation
        if: steps.mode.outputs.mode == 'transform'
        shell: bash
        run: |
          set -euo pipefail
          ./tests/run-tests.sh operations

      - name: Verify scope and publish code
        if: steps.mode.outputs.mode == 'transform'
        shell: bash
        run: |
          set -euo pipefail
          expected=$'systemd/vaultwarden-health.service\ntests/suites/operations/case-health-alerts.bash\nutilities/maintenance-health.sh'
          actual="$(git diff --name-only | sort)"
          [[ "$actual" == "$expected" ]] || {
            printf 'Unexpected transformed file set:\n%s\n' "$actual" >&2
            exit 1
          }
          git config user.name 'github-actions[bot]'
          git config user.email '41898282+github-actions[bot]@users.noreply.github.com'
          git add -- systemd/vaultwarden-health.service tests/suites/operations/case-health-alerts.bash utilities/maintenance-health.sh
          git commit -m 'Restore regular health lock contract'
          git push origin HEAD:refactor/single-lock-ownership

      - name: Validate exact final PR head
        if: steps.mode.outputs.mode == 'validate'
        shell: bash
        run: |
          set -euo pipefail
          remote_head="$(git ls-remote origin refs/heads/refactor/single-lock-ownership | awk '{print $1}')"
          [[ -n "$remote_head" ]]
          [[ "$(git rev-parse HEAD)" == "$remote_head" ]]
          printf 'Exact PR head: %s\n' "$remote_head"

          git fetch --no-tags origin delta:refs/remotes/origin/delta
          expected=$'lib/operations.sh\nsystemd/vaultwarden-health.service\ntests/suites/foundation/case-systemd.bash\ntests/suites/operations/case-health-alerts.bash\ntests/suites/operations/case-lock-fd-hygiene.bash\ntests/suites/operations/case-operations.bash\nutilities/maintenance-health.sh\nutilities/setup-systemd.sh'
          actual="$(git diff --name-only origin/delta...HEAD | sort)"
          [[ "$actual" == "$expected" ]] || {
            printf 'Unexpected final PR file set:\n%s\n' "$actual" >&2
            exit 1
          }

          git diff --check origin/delta...HEAD
          while IFS= read -r -d '' file; do
            bash -n "$file"
          done < <(find . -type f \( -name '*.sh' -o -name '*.bash' \) -print0)
          find . -type f \( -name '*.sh' -o -name '*.bash' \) -print0 \
            | xargs -0 shellcheck -x --severity=warning

          set +e
          ./tests/run-tests.sh all > /tmp/all-tests.log 2>&1
          tests_rc=$?
          set -e
          cat /tmp/all-tests.log
          (( tests_rc == 0 )) || exit "$tests_rc"

          git diff --check
          status="$(git status --porcelain=v1 --untracked-files=all)"
          if [[ -n "$status" ]]; then
            printf 'Working tree is not clean after validation:\n%s\n' "$status" >&2
            exit 1
          fi

          {
            echo '=== operation guard callers ==='
            grep -RIn --exclude-dir=.git --include='*.sh' --include='*.bash' \
              -E 'operation_acquire|--specific-lock' . || true
            echo
            echo '=== direct flock and lock-path users ==='
            grep -RIn --exclude-dir=.git --include='*.sh' --include='*.bash' \
              -E 'flock|LOCK(_FILE|_PATH|_DIR|_TARGET)?=' . || true
            echo
            echo '=== health lock contract ==='
            grep -n -E 'VW_HEALTH_LOCK_FILE|XDG_RUNTIME_DIR|vaultwarden-health.*lock|ln -P? ?-?T|single-link regular' utilities/maintenance-health.sh tests/suites/operations/case-health-alerts.bash systemd/vaultwarden-health.service || true
          } > /tmp/lock-inventory.txt
          cat /tmp/lock-inventory.txt

      - name: Upload exact-head evidence
        if: steps.mode.outputs.mode == 'validate'
        uses: actions/upload-artifact@v6
        with:
          name: pr-281-regular-health-exact-head-evidence
          path: |
            /tmp/all-tests.log
            /tmp/lock-inventory.txt
          if-no-files-found: error
          retention-days: 14
